
Microsoft Visual Studio Solution File, Format Version 12.00
# Visual Studio Version 17
VisualStudioVersion = 17.3.32929.385
MinimumVisualStudioVersion = 10.0.40219.1
Project("{FAE04EC0-301F-11D3-BF4B-00C04F79EFBC}") = "ProjectWebApp", "ProjectWebApp\ProjectWebApp.csproj", "{9E9E5320-F261-40A8-B0C8-757F4EAB09B5}"
EndProject
Project("{FAE04EC0-301F-11D3-BF4B-00C04F79EFBC}") = "ProjectModels", "ProjectModels\ProjectModels.csproj", "{CFA4726D-1FCC-4918-A2A1-C58D4C431F79}"
EndProject
Project("{FAE04EC0-301F-11D3-BF4B-00C04F79EFBC}") = "ProjectDAL", "ProjectDAL\ProjectDAL.csproj", "{15C50CB9-7465-4A69-9470-677052AAF6D7}"
EndProject
Global
	GlobalSection(SolutionConfigurationPlatforms) = preSolution
		Debug|Any CPU = Debug|Any CPU
		Release|Any CPU = Release|Any CPU
	EndGlobalSection
	GlobalSection(ProjectConfigurationPlatforms) = postSolution
		{9E9E5320-F261-40A8-B0C8-757F4EAB09B5}.Debug|Any CPU.ActiveCfg = Debug|Any CPU
		{9E9E5320-F261-40A8-B0C8-757F4EAB09B5}.Debug|Any CPU.Build.0 = Debug|Any CPU
		{9E9E5320-F261-40A8-B0C8-757F4EAB09B5}.Release|Any CPU.ActiveCfg = Release|Any CPU
		{9E9E5320-F261-40A8-B0C8-757F4EAB09B5}.Release|Any CPU.Build.0 = Release|Any CPU
		{CFA4726D-1FCC-4918-A2A1-C58D4C431F79}.Debug|Any CPU.ActiveCfg = Debug|Any CPU
		{CFA4726D-1FCC-4918-A2A1-C58D4C431F79}.Debug|Any CPU.Build.0 = Debug|Any CPU
		{CFA4726D-1FCC-4918-A2A1-C58D4C431F79}.Release|Any CPU.ActiveCfg = Release|Any CPU
		{CFA4726D-1FCC-4918-A2A1-C58D4C431F79}.Release|Any CPU.Build.0 = Release|Any CPU
		{15C50CB9-7465-4A69-9470-677052AAF6D7}.Debug|Any CPU.ActiveCfg = Debug|Any CPU
		{15C50CB9-7465-4A69-9470-677052AAF6D7}.Debug|Any CPU.Build.0 = Debug|Any CPU
		{15C50CB9-7465-4A69-9470-677052AAF6D7}.Release|Any CPU.ActiveCfg = Release|Any CPU
		{15C50CB9-7465-4A69-9470-677052AAF6D7}.Release|Any CPU.Build.0 = Release|Any CPU
	EndGlobalSection
	GlobalSection(SolutionProperties) = preSolution
		HideSolutionNode = FALSE
	EndGlobalSection
	GlobalSection(ExtensibilityGlobals) = postSolution
		SolutionGuid = {76B93B47-96C6-43CC-9926-72732CEDC531}
	EndGlobalSection
EndGlobal
